
Microsoft Visual Studio Solution File, Format Version 12.00
# Visual Studio Version 16
VisualStudioVersion = 16.0.29020.237
MinimumVisualStudioVersion = 10.0.40219.1
Project("{9A19103F-16F7-4668-BE54-9A1E7A4F7556}") = "MvvmStandard", "MvvmStandard\MvvmStandard.csproj", "{7D6664BD-5527-45CB-BCDF-4DC2D38FB60B}"
EndProject
Project("{9A19103F-16F7-4668-BE54-9A1E7A4F7556}") = "RandomStandard", "RandomStandard\RandomStandard.csproj", "{127F3D7D-DB91-407F-B2DA-E2FEB686C42F}"
EndProject
Project("{9A19103F-16F7-4668-BE54-9A1E7A4F7556}") = "XUnitTestProject1", "XUnitTestProject1\XUnitTestProject1.csproj", "{691E5B37-1F51-4A17-9D5A-B6D25DE28369}"
EndProject
Project("{9A19103F-16F7-4668-BE54-9A1E7A4F7556}") = "ObserverStandard", "ObserverStandard\ObserverStandard.csproj", "{152E90DA-3AFA-4A86-9EB6-C8029BF794A1}"
EndProject
Project("{9A19103F-16F7-4668-BE54-9A1E7A4F7556}") = "ExtensionsStandard", "ExtensionsStandard\ExtensionsStandard.csproj", "{59AC2506-2D5C-4E75-91FB-109A2B186CEE}"
EndProject
Project("{9A19103F-16F7-4668-BE54-9A1E7A4F7556}") = "WpfCoreTestApp", "WpfCoreTestApp\WpfCoreTestApp.csproj", "{C72A2D28-D3C2-49D8-89A6-5DDB8FA96827}"
EndProject
Project("{FAE04EC0-301F-11D3-BF4B-00C04F79EFBC}") = "LocationStandard", "LocationStandard\LocationStandard.csproj", "{C74EE24A-7D33-4B3C-877D-2E7EE5162C34}"
EndProject
Global
	GlobalSection(SolutionConfigurationPlatforms) = preSolution
		Debug|Any CPU = Debug|Any CPU
		Debug|ARM = Debug|ARM
		Debug|ARM64 = Debug|ARM64
		Debug|x64 = Debug|x64
		Debug|x86 = Debug|x86
		Release|Any CPU = Release|Any CPU
		Release|ARM = Release|ARM
		Release|ARM64 = Release|ARM64
		Release|x64 = Release|x64
		Release|x86 = Release|x86
	EndGlobalSection
	GlobalSection(ProjectConfigurationPlatforms) = postSolution
		{7D6664BD-5527-45CB-BCDF-4DC2D38FB60B}.Debug|Any CPU.ActiveCfg = Debug|Any CPU
		{7D6664BD-5527-45CB-BCDF-4DC2D38FB60B}.Debug|Any CPU.Build.0 = Debug|Any CPU
		{7D6664BD-5527-45CB-BCDF-4DC2D38FB60B}.Debug|ARM.ActiveCfg = Debug|Any CPU
		{7D6664BD-5527-45CB-BCDF-4DC2D38FB60B}.Debug|ARM.Build.0 = Debug|Any CPU
		{7D6664BD-5527-45CB-BCDF-4DC2D38FB60B}.Debug|ARM64.ActiveCfg = Debug|Any CPU
		{7D6664BD-5527-45CB-BCDF-4DC2D38FB60B}.Debug|ARM64.Build.0 = Debug|Any CPU
		{7D6664BD-5527-45CB-BCDF-4DC2D38FB60B}.Debug|x64.ActiveCfg = Debug|Any CPU
		{7D6664BD-5527-45CB-BCDF-4DC2D38FB60B}.Debug|x64.Build.0 = Debug|Any CPU
		{7D6664BD-5527-45CB-BCDF-4DC2D38FB60B}.Debug|x86.ActiveCfg = Debug|Any CPU
		{7D6664BD-5527-45CB-BCDF-4DC2D38FB60B}.Debug|x86.Build.0 = Debug|Any CPU
		{7D6664BD-5527-45CB-BCDF-4DC2D38FB60B}.Release|Any CPU.ActiveCfg = Release|Any CPU
		{7D6664BD-5527-45CB-BCDF-4DC2D38FB60B}.Release|Any CPU.Build.0 = Release|Any CPU
		{7D6664BD-5527-45CB-BCDF-4DC2D38FB60B}.Release|ARM.ActiveCfg = Release|Any CPU
		{7D6664BD-5527-45CB-BCDF-4DC2D38FB60B}.Release|ARM.Build.0 = Release|Any CPU
		{7D6664BD-5527-45CB-BCDF-4DC2D38FB60B}.Release|ARM64.ActiveCfg = Release|Any CPU
		{7D6664BD-5527-45CB-BCDF-4DC2D38FB60B}.Release|ARM64.Build.0 = Release|Any CPU
		{7D6664BD-5527-45CB-BCDF-4DC2D38FB60B}.Release|x64.ActiveCfg = Release|Any CPU
		{7D6664BD-5527-45CB-BCDF-4DC2D38FB60B}.Release|x64.Build.0 = Release|Any CPU
		{7D6664BD-5527-45CB-BCDF-4DC2D38FB60B}.Release|x86.ActiveCfg = Release|Any CPU
		{7D6664BD-5527-45CB-BCDF-4DC2D38FB60B}.Release|x86.Build.0 = Release|Any CPU
		{127F3D7D-DB91-407F-B2DA-E2FEB686C42F}.Debug|Any CPU.ActiveCfg = Debug|Any CPU
		{127F3D7D-DB91-407F-B2DA-E2FEB686C42F}.Debug|Any CPU.Build.0 = Debug|Any CPU
		{127F3D7D-DB91-407F-B2DA-E2FEB686C42F}.Debug|ARM.ActiveCfg = Debug|Any CPU
		{127F3D7D-DB91-407F-B2DA-E2FEB686C42F}.Debug|ARM.Build.0 = Debug|Any CPU
		{127F3D7D-DB91-407F-B2DA-E2FEB686C42F}.Debug|ARM64.ActiveCfg = Debug|Any CPU
		{127F3D7D-DB91-407F-B2DA-E2FEB686C42F}.Debug|ARM64.Build.0 = Debug|Any CPU
		{127F3D7D-DB91-407F-B2DA-E2FEB686C42F}.Debug|x64.ActiveCfg = Debug|Any CPU
		{127F3D7D-DB91-407F-B2DA-E2FEB686C42F}.Debug|x64.Build.0 = Debug|Any CPU
		{127F3D7D-DB91-407F-B2DA-E2FEB686C42F}.Debug|x86.ActiveCfg = Debug|Any CPU
		{127F3D7D-DB91-407F-B2DA-E2FEB686C42F}.Debug|x86.Build.0 = Debug|Any CPU
		{127F3D7D-DB91-407F-B2DA-E2FEB686C42F}.Release|Any CPU.ActiveCfg = Release|Any CPU
		{127F3D7D-DB91-407F-B2DA-E2FEB686C42F}.Release|Any CPU.Build.0 = Release|Any CPU
		{127F3D7D-DB91-407F-B2DA-E2FEB686C42F}.Release|ARM.ActiveCfg = Release|Any CPU
		{127F3D7D-DB91-407F-B2DA-E2FEB686C42F}.Release|ARM.Build.0 = Release|Any CPU
		{127F3D7D-DB91-407F-B2DA-E2FEB686C42F}.Release|ARM64.ActiveCfg = Release|Any CPU
		{127F3D7D-DB91-407F-B2DA-E2FEB686C42F}.Release|ARM64.Build.0 = Release|Any CPU
		{127F3D7D-DB91-407F-B2DA-E2FEB686C42F}.Release|x64.ActiveCfg = Release|Any CPU
		{127F3D7D-DB91-407F-B2DA-E2FEB686C42F}.Release|x64.Build.0 = Release|Any CPU
		{127F3D7D-DB91-407F-B2DA-E2FEB686C42F}.Release|x86.ActiveCfg = Release|Any CPU
		{127F3D7D-DB91-407F-B2DA-E2FEB686C42F}.Release|x86.Build.0 = Release|Any CPU
		{691E5B37-1F51-4A17-9D5A-B6D25DE28369}.Debug|Any CPU.ActiveCfg = Debug|Any CPU
		{691E5B37-1F51-4A17-9D5A-B6D25DE28369}.Debug|Any CPU.Build.0 = Debug|Any CPU
		{691E5B37-1F51-4A17-9D5A-B6D25DE28369}.Debug|ARM.ActiveCfg = Debug|Any CPU
		{691E5B37-1F51-4A17-9D5A-B6D25DE28369}.Debug|ARM.Build.0 = Debug|Any CPU
		{691E5B37-1F51-4A17-9D5A-B6D25DE28369}.Debug|ARM64.ActiveCfg = Debug|Any CPU
		{691E5B37-1F51-4A17-9D5A-B6D25DE28369}.Debug|ARM64.Build.0 = Debug|Any CPU
		{691E5B37-1F51-4A17-9D5A-B6D25DE28369}.Debug|x64.ActiveCfg = Debug|Any CPU
		{691E5B37-1F51-4A17-9D5A-B6D25DE28369}.Debug|x64.Build.0 = Debug|Any CPU
		{691E5B37-1F51-4A17-9D5A-B6D25DE28369}.Debug|x86.ActiveCfg = Debug|Any CPU
		{691E5B37-1F51-4A17-9D5A-B6D25DE28369}.Debug|x86.Build.0 = Debug|Any CPU
		{691E5B37-1F51-4A17-9D5A-B6D25DE28369}.Release|Any CPU.ActiveCfg = Release|Any CPU
		{691E5B37-1F51-4A17-9D5A-B6D25DE28369}.Release|Any CPU.Build.0 = Release|Any CPU
		{691E5B37-1F51-4A17-9D5A-B6D25DE28369}.Release|ARM.ActiveCfg = Release|Any CPU
		{691E5B37-1F51-4A17-9D5A-B6D25DE28369}.Release|ARM.Build.0 = Release|Any CPU
		{691E5B37-1F51-4A17-9D5A-B6D25DE28369}.Release|ARM64.ActiveCfg = Release|Any CPU
		{691E5B37-1F51-4A17-9D5A-B6D25DE28369}.Release|ARM64.Build.0 = Release|Any CPU
		{691E5B37-1F51-4A17-9D5A-B6D25DE28369}.Release|x64.ActiveCfg = Release|Any CPU
		{691E5B37-1F51-4A17-9D5A-B6D25DE28369}.Release|x64.Build.0 = Release|Any CPU
		{691E5B37-1F51-4A17-9D5A-B6D25DE28369}.Release|x86.ActiveCfg = Release|Any CPU
		{691E5B37-1F51-4A17-9D5A-B6D25DE28369}.Release|x86.Build.0 = Release|Any CPU
		{152E90DA-3AFA-4A86-9EB6-C8029BF794A1}.Debug|Any CPU.ActiveCfg = Debug|Any CPU
		{152E90DA-3AFA-4A86-9EB6-C8029BF794A1}.Debug|Any CPU.Build.0 = Debug|Any CPU
		{152E90DA-3AFA-4A86-9EB6-C8029BF794A1}.Debug|ARM.ActiveCfg = Debug|Any CPU
		{152E90DA-3AFA-4A86-9EB6-C8029BF794A1}.Debug|ARM.Build.0 = Debug|Any CPU
		{152E90DA-3AFA-4A86-9EB6-C8029BF794A1}.Debug|ARM64.ActiveCfg = Debug|Any CPU
		{152E90DA-3AFA-4A86-9EB6-C8029BF794A1}.Debug|ARM64.Build.0 = Debug|Any CPU
		{152E90DA-3AFA-4A86-9EB6-C8029BF794A1}.Debug|x64.ActiveCfg = Debug|Any CPU
		{152E90DA-3AFA-4A86-9EB6-C8029BF794A1}.Debug|x64.Build.0 = Debug|Any CPU
		{152E90DA-3AFA-4A86-9EB6-C8029BF794A1}.Debug|x86.ActiveCfg = Debug|Any CPU
		{152E90DA-3AFA-4A86-9EB6-C8029BF794A1}.Debug|x86.Build.0 = Debug|Any CPU
		{152E90DA-3AFA-4A86-9EB6-C8029BF794A1}.Release|Any CPU.ActiveCfg = Release|Any CPU
		{152E90DA-3AFA-4A86-9EB6-C8029BF794A1}.Release|Any CPU.Build.0 = Release|Any CPU
		{152E90DA-3AFA-4A86-9EB6-C8029BF794A1}.Release|ARM.ActiveCfg = Release|Any CPU
		{152E90DA-3AFA-4A86-9EB6-C8029BF794A1}.Release|ARM.Build.0 = Release|Any CPU
		{152E90DA-3AFA-4A86-9EB6-C8029BF794A1}.Release|ARM64.ActiveCfg = Release|Any CPU
		{152E90DA-3AFA-4A86-9EB6-C8029BF794A1}.Release|ARM64.Build.0 = Release|Any CPU
		{152E90DA-3AFA-4A86-9EB6-C8029BF794A1}.Release|x64.ActiveCfg = Release|Any CPU
		{152E90DA-3AFA-4A86-9EB6-C8029BF794A1}.Release|x64.Build.0 = Release|Any CPU
		{152E90DA-3AFA-4A86-9EB6-C8029BF794A1}.Release|x86.ActiveCfg = Release|Any CPU
		{152E90DA-3AFA-4A86-9EB6-C8029BF794A1}.Release|x86.Build.0 = Release|Any CPU
		{59AC2506-2D5C-4E75-91FB-109A2B186CEE}.Debug|Any CPU.ActiveCfg = Debug|Any CPU
		{59AC2506-2D5C-4E75-91FB-109A2B186CEE}.Debug|Any CPU.Build.0 = Debug|Any CPU
		{59AC2506-2D5C-4E75-91FB-109A2B186CEE}.Debug|ARM.ActiveCfg = Debug|Any CPU
		{59AC2506-2D5C-4E75-91FB-109A2B186CEE}.Debug|ARM.Build.0 = Debug|Any CPU
		{59AC2506-2D5C-4E75-91FB-109A2B186CEE}.Debug|ARM64.ActiveCfg = Debug|Any CPU
		{59AC2506-2D5C-4E75-91FB-109A2B186CEE}.Debug|ARM64.Build.0 = Debug|Any CPU
		{59AC2506-2D5C-4E75-91FB-109A2B186CEE}.Debug|x64.ActiveCfg = Debug|Any CPU
		{59AC2506-2D5C-4E75-91FB-109A2B186CEE}.Debug|x64.Build.0 = Debug|Any CPU
		{59AC2506-2D5C-4E75-91FB-109A2B186CEE}.Debug|x86.ActiveCfg = Debug|Any CPU
		{59AC2506-2D5C-4E75-91FB-109A2B186CEE}.Debug|x86.Build.0 = Debug|Any CPU
		{59AC2506-2D5C-4E75-91FB-109A2B186CEE}.Release|Any CPU.ActiveCfg = Release|Any CPU
		{59AC2506-2D5C-4E75-91FB-109A2B186CEE}.Release|Any CPU.Build.0 = Release|Any CPU
		{59AC2506-2D5C-4E75-91FB-109A2B186CEE}.Release|ARM.ActiveCfg = Release|Any CPU
		{59AC2506-2D5C-4E75-91FB-109A2B186CEE}.Release|ARM.Build.0 = Release|Any CPU
		{59AC2506-2D5C-4E75-91FB-109A2B186CEE}.Release|ARM64.ActiveCfg = Release|Any CPU
		{59AC2506-2D5C-4E75-91FB-109A2B186CEE}.Release|ARM64.Build.0 = Release|Any CPU
		{59AC2506-2D5C-4E75-91FB-109A2B186CEE}.Release|x64.ActiveCfg = Release|Any CPU
		{59AC2506-2D5C-4E75-91FB-109A2B186CEE}.Release|x64.Build.0 = Release|Any CPU
		{59AC2506-2D5C-4E75-91FB-109A2B186CEE}.Release|x86.ActiveCfg = Release|Any CPU
		{59AC2506-2D5C-4E75-91FB-109A2B186CEE}.Release|x86.Build.0 = Release|Any CPU
		{C72A2D28-D3C2-49D8-89A6-5DDB8FA96827}.Debug|Any CPU.ActiveCfg = Debug|Any CPU
		{C72A2D28-D3C2-49D8-89A6-5DDB8FA96827}.Debug|Any CPU.Build.0 = Debug|Any CPU
		{C72A2D28-D3C2-49D8-89A6-5DDB8FA96827}.Debug|ARM.ActiveCfg = Debug|Any CPU
		{C72A2D28-D3C2-49D8-89A6-5DDB8FA96827}.Debug|ARM.Build.0 = Debug|Any CPU
		{C72A2D28-D3C2-49D8-89A6-5DDB8FA96827}.Debug|ARM64.ActiveCfg = Debug|Any CPU
		{C72A2D28-D3C2-49D8-89A6-5DDB8FA96827}.Debug|ARM64.Build.0 = Debug|Any CPU
		{C72A2D28-D3C2-49D8-89A6-5DDB8FA96827}.Debug|x64.ActiveCfg = Debug|Any CPU
		{C72A2D28-D3C2-49D8-89A6-5DDB8FA96827}.Debug|x64.Build.0 = Debug|Any CPU
		{C72A2D28-D3C2-49D8-89A6-5DDB8FA96827}.Debug|x86.ActiveCfg = Debug|Any CPU
		{C72A2D28-D3C2-49D8-89A6-5DDB8FA96827}.Debug|x86.Build.0 = Debug|Any CPU
		{C72A2D28-D3C2-49D8-89A6-5DDB8FA96827}.Release|Any CPU.ActiveCfg = Release|Any CPU
		{C72A2D28-D3C2-49D8-89A6-5DDB8FA96827}.Release|Any CPU.Build.0 = Release|Any CPU
		{C72A2D28-D3C2-49D8-89A6-5DDB8FA96827}.Release|ARM.ActiveCfg = Release|Any CPU
		{C72A2D28-D3C2-49D8-89A6-5DDB8FA96827}.Release|ARM.Build.0 = Release|Any CPU
		{C72A2D28-D3C2-49D8-89A6-5DDB8FA96827}.Release|ARM64.ActiveCfg = Release|Any CPU
		{C72A2D28-D3C2-49D8-89A6-5DDB8FA96827}.Release|ARM64.Build.0 = Release|Any CPU
		{C72A2D28-D3C2-49D8-89A6-5DDB8FA96827}.Release|x64.ActiveCfg = Release|Any CPU
		{C72A2D28-D3C2-49D8-89A6-5DDB8FA96827}.Release|x64.Build.0 = Release|Any CPU
		{C72A2D28-D3C2-49D8-89A6-5DDB8FA96827}.Release|x86.ActiveCfg = Release|Any CPU
		{C72A2D28-D3C2-49D8-89A6-5DDB8FA96827}.Release|x86.Build.0 = Release|Any CPU
		{C74EE24A-7D33-4B3C-877D-2E7EE5162C34}.Debug|Any CPU.ActiveCfg = Debug|Any CPU
		{C74EE24A-7D33-4B3C-877D-2E7EE5162C34}.Debug|Any CPU.Build.0 = Debug|Any CPU
		{C74EE24A-7D33-4B3C-877D-2E7EE5162C34}.Debug|ARM.ActiveCfg = Debug|Any CPU
		{C74EE24A-7D33-4B3C-877D-2E7EE5162C34}.Debug|ARM.Build.0 = Debug|Any CPU
		{C74EE24A-7D33-4B3C-877D-2E7EE5162C34}.Debug|ARM64.ActiveCfg = Debug|Any CPU
		{C74EE24A-7D33-4B3C-877D-2E7EE5162C34}.Debug|ARM64.Build.0 = Debug|Any CPU
		{C74EE24A-7D33-4B3C-877D-2E7EE5162C34}.Debug|x64.ActiveCfg = Debug|Any CPU
		{C74EE24A-7D33-4B3C-877D-2E7EE5162C34}.Debug|x64.Build.0 = Debug|Any CPU
		{C74EE24A-7D33-4B3C-877D-2E7EE5162C34}.Debug|x86.ActiveCfg = Debug|Any CPU
		{C74EE24A-7D33-4B3C-877D-2E7EE5162C34}.Debug|x86.Build.0 = Debug|Any CPU
		{C74EE24A-7D33-4B3C-877D-2E7EE5162C34}.Release|Any CPU.ActiveCfg = Release|Any CPU
		{C74EE24A-7D33-4B3C-877D-2E7EE5162C34}.Release|Any CPU.Build.0 = Release|Any CPU
		{C74EE24A-7D33-4B3C-877D-2E7EE5162C34}.Release|ARM.ActiveCfg = Release|Any CPU
		{C74EE24A-7D33-4B3C-877D-2E7EE5162C34}.Release|ARM.Build.0 = Release|Any CPU
		{C74EE24A-7D33-4B3C-877D-2E7EE5162C34}.Release|ARM64.ActiveCfg = Release|Any CPU
		{C74EE24A-7D33-4B3C-877D-2E7EE5162C34}.Release|ARM64.Build.0 = Release|Any CPU
		{C74EE24A-7D33-4B3C-877D-2E7EE5162C34}.Release|x64.ActiveCfg = Release|Any CPU
		{C74EE24A-7D33-4B3C-877D-2E7EE5162C34}.Release|x64.Build.0 = Release|Any CPU
		{C74EE24A-7D33-4B3C-877D-2E7EE5162C34}.Release|x86.ActiveCfg = Release|Any CPU
		{C74EE24A-7D33-4B3C-877D-2E7EE5162C34}.Release|x86.Build.0 = Release|Any CPU
	EndGlobalSection
	GlobalSection(SolutionProperties) = preSolution
		HideSolutionNode = FALSE
	EndGlobalSection
	GlobalSection(ExtensibilityGlobals) = postSolution
		SolutionGuid = {8FB58C6C-59BB-49BD-9C61-7FFAC67412B1}
	EndGlobalSection
EndGlobal
